
Microsoft Visual Studio Solution File, Format Version 12.00
# Visual Studio 14
VisualStudioVersion = 14.0.24720.0
MinimumVisualStudioVersion = 10.0.40219.1
Project("{FAE04EC0-301F-11D3-BF4B-00C04F79EFBC}") = "ImageProcessor", "ImageProcessor\ImageProcessor.csproj", "{F90913DF-8E39-41EE-8A5B-5F72AF35A397}"
EndProject
Project("{FAE04EC0-301F-11D3-BF4B-00C04F79EFBC}") = "ImageProcessor.TestApp", "ImageProcessor.TestApp\ImageProcessor.TestApp.csproj", "{8F2144D4-138F-467B-B8E0-7A1D008A7948}"
EndProject
Project("{FAE04EC0-301F-11D3-BF4B-00C04F79EFBC}") = "ImageProcessor.Shaders.Compiler", "ImageProcessor.Shaders.Compiler\ImageProcessor.Shaders.Compiler.csproj", "{381F3ED4-9944-4821-8D4F-5591995D94B8}"
EndProject
Project("{FAE04EC0-301F-11D3-BF4B-00C04F79EFBC}") = "ImageProcessor.Shaders", "ImageProcessor.Shaders\ImageProcessor.Shaders.csproj", "{2BE9CE09-265D-4203-BD52-C7DE3D523456}"
EndProject
Project("{FAE04EC0-301F-11D3-BF4B-00C04F79EFBC}") = "Jigsaw", "..\jigsaw-library\Jigsaw.csproj", "{D9CD3B25-54EF-42F9-A643-F42F347C2A70}"
EndProject
Global
	GlobalSection(SolutionConfigurationPlatforms) = preSolution
		Debug|Any CPU = Debug|Any CPU
		Debug|Mixed Platforms = Debug|Mixed Platforms
		Debug|x86 = Debug|x86
		Release|Any CPU = Release|Any CPU
		Release|Mixed Platforms = Release|Mixed Platforms
		Release|x86 = Release|x86
	EndGlobalSection
	GlobalSection(ProjectConfigurationPlatforms) = postSolution
		{F90913DF-8E39-41EE-8A5B-5F72AF35A397}.Debug|Any CPU.ActiveCfg = Debug|Any CPU
		{F90913DF-8E39-41EE-8A5B-5F72AF35A397}.Debug|Any CPU.Build.0 = Debug|Any CPU
		{F90913DF-8E39-41EE-8A5B-5F72AF35A397}.Debug|Mixed Platforms.ActiveCfg = Debug|Any CPU
		{F90913DF-8E39-41EE-8A5B-5F72AF35A397}.Debug|Mixed Platforms.Build.0 = Debug|Any CPU
		{F90913DF-8E39-41EE-8A5B-5F72AF35A397}.Debug|x86.ActiveCfg = Debug|Any CPU
		{F90913DF-8E39-41EE-8A5B-5F72AF35A397}.Release|Any CPU.ActiveCfg = Release|Any CPU
		{F90913DF-8E39-41EE-8A5B-5F72AF35A397}.Release|Any CPU.Build.0 = Release|Any CPU
		{F90913DF-8E39-41EE-8A5B-5F72AF35A397}.Release|Mixed Platforms.ActiveCfg = Release|Any CPU
		{F90913DF-8E39-41EE-8A5B-5F72AF35A397}.Release|Mixed Platforms.Build.0 = Release|Any CPU
		{F90913DF-8E39-41EE-8A5B-5F72AF35A397}.Release|x86.ActiveCfg = Release|Any CPU
		{8F2144D4-138F-467B-B8E0-7A1D008A7948}.Debug|Any CPU.ActiveCfg = Debug|x86
		{8F2144D4-138F-467B-B8E0-7A1D008A7948}.Debug|Mixed Platforms.ActiveCfg = Debug|x86
		{8F2144D4-138F-467B-B8E0-7A1D008A7948}.Debug|Mixed Platforms.Build.0 = Debug|x86
		{8F2144D4-138F-467B-B8E0-7A1D008A7948}.Debug|x86.ActiveCfg = Debug|x86
		{8F2144D4-138F-467B-B8E0-7A1D008A7948}.Debug|x86.Build.0 = Debug|x86
		{8F2144D4-138F-467B-B8E0-7A1D008A7948}.Release|Any CPU.ActiveCfg = Release|x86
		{8F2144D4-138F-467B-B8E0-7A1D008A7948}.Release|Mixed Platforms.ActiveCfg = Release|x86
		{8F2144D4-138F-467B-B8E0-7A1D008A7948}.Release|Mixed Platforms.Build.0 = Release|x86
		{8F2144D4-138F-467B-B8E0-7A1D008A7948}.Release|x86.ActiveCfg = Release|x86
		{8F2144D4-138F-467B-B8E0-7A1D008A7948}.Release|x86.Build.0 = Release|x86
		{381F3ED4-9944-4821-8D4F-5591995D94B8}.Debug|Any CPU.ActiveCfg = Debug|Any CPU
		{381F3ED4-9944-4821-8D4F-5591995D94B8}.Debug|Any CPU.Build.0 = Debug|Any CPU
		{381F3ED4-9944-4821-8D4F-5591995D94B8}.Debug|Mixed Platforms.ActiveCfg = Debug|Any CPU
		{381F3ED4-9944-4821-8D4F-5591995D94B8}.Debug|Mixed Platforms.Build.0 = Debug|Any CPU
		{381F3ED4-9944-4821-8D4F-5591995D94B8}.Debug|x86.ActiveCfg = Debug|Any CPU
		{381F3ED4-9944-4821-8D4F-5591995D94B8}.Debug|x86.Build.0 = Debug|Any CPU
		{381F3ED4-9944-4821-8D4F-5591995D94B8}.Release|Any CPU.ActiveCfg = Release|Any CPU
		{381F3ED4-9944-4821-8D4F-5591995D94B8}.Release|Any CPU.Build.0 = Release|Any CPU
		{381F3ED4-9944-4821-8D4F-5591995D94B8}.Release|Mixed Platforms.ActiveCfg = Release|Any CPU
		{381F3ED4-9944-4821-8D4F-5591995D94B8}.Release|Mixed Platforms.Build.0 = Release|Any CPU
		{381F3ED4-9944-4821-8D4F-5591995D94B8}.Release|x86.ActiveCfg = Release|Any CPU
		{381F3ED4-9944-4821-8D4F-5591995D94B8}.Release|x86.Build.0 = Release|Any CPU
		{2BE9CE09-265D-4203-BD52-C7DE3D523456}.Debug|Any CPU.ActiveCfg = Debug|Any CPU
		{2BE9CE09-265D-4203-BD52-C7DE3D523456}.Debug|Any CPU.Build.0 = Debug|Any CPU
		{2BE9CE09-265D-4203-BD52-C7DE3D523456}.Debug|Mixed Platforms.ActiveCfg = Debug|Any CPU
		{2BE9CE09-265D-4203-BD52-C7DE3D523456}.Debug|Mixed Platforms.Build.0 = Debug|Any CPU
		{2BE9CE09-265D-4203-BD52-C7DE3D523456}.Debug|x86.ActiveCfg = Debug|Any CPU
		{2BE9CE09-265D-4203-BD52-C7DE3D523456}.Debug|x86.Build.0 = Debug|Any CPU
		{2BE9CE09-265D-4203-BD52-C7DE3D523456}.Release|Any CPU.ActiveCfg = Release|Any CPU
		{2BE9CE09-265D-4203-BD52-C7DE3D523456}.Release|Any CPU.Build.0 = Release|Any CPU
		{2BE9CE09-265D-4203-BD52-C7DE3D523456}.Release|Mixed Platforms.ActiveCfg = Release|Any CPU
		{2BE9CE09-265D-4203-BD52-C7DE3D523456}.Release|Mixed Platforms.Build.0 = Release|Any CPU
		{2BE9CE09-265D-4203-BD52-C7DE3D523456}.Release|x86.ActiveCfg = Release|Any CPU
		{2BE9CE09-265D-4203-BD52-C7DE3D523456}.Release|x86.Build.0 = Release|Any CPU
		{D9CD3B25-54EF-42F9-A643-F42F347C2A70}.Debug|Any CPU.ActiveCfg = Debug|Any CPU
		{D9CD3B25-54EF-42F9-A643-F42F347C2A70}.Debug|Any CPU.Build.0 = Debug|Any CPU
		{D9CD3B25-54EF-42F9-A643-F42F347C2A70}.Debug|Mixed Platforms.ActiveCfg = Debug|Any CPU
		{D9CD3B25-54EF-42F9-A643-F42F347C2A70}.Debug|Mixed Platforms.Build.0 = Debug|Any CPU
		{D9CD3B25-54EF-42F9-A643-F42F347C2A70}.Debug|x86.ActiveCfg = Debug|Any CPU
		{D9CD3B25-54EF-42F9-A643-F42F347C2A70}.Debug|x86.Build.0 = Debug|Any CPU
		{D9CD3B25-54EF-42F9-A643-F42F347C2A70}.Release|Any CPU.ActiveCfg = Release|Any CPU
		{D9CD3B25-54EF-42F9-A643-F42F347C2A70}.Release|Any CPU.Build.0 = Release|Any CPU
		{D9CD3B25-54EF-42F9-A643-F42F347C2A70}.Release|Mixed Platforms.ActiveCfg = Release|Any CPU
		{D9CD3B25-54EF-42F9-A643-F42F347C2A70}.Release|Mixed Platforms.Build.0 = Release|Any CPU
		{D9CD3B25-54EF-42F9-A643-F42F347C2A70}.Release|x86.ActiveCfg = Release|Any CPU
		{D9CD3B25-54EF-42F9-A643-F42F347C2A70}.Release|x86.Build.0 = Release|Any CPU
	EndGlobalSection
	GlobalSection(SolutionProperties) = preSolution
		HideSolutionNode = FALSE
	EndGlobalSection
EndGlobal
